{
  "name": "opencode-notify",
  "version": "0.3.1",
  "lockfileVersion": 3,
  "requires": true,
  "packages": {
    "": {
      "name": "opencode-notify",
      "version": "0.3.1",
      "dependencies": {
        "detect-terminal": "1.1.2"
      }
    },
    "node_modules/detect-terminal": {
      "version": "1.1.2",
      "resolved": "https://registry.npmjs.org/detect-terminal/-/detect-terminal-1.1.2.tgz",
      "integrity": "sha512-mLB+qvOc9VYO0VqLNbqcLjb9R9AvbWQyk9n8qx0aryoykE4ALX0FNp/eP8GE2RxppYBofsoKxfJ3L15X2/rJ8Q==",
      "license": "MIT"
    }
  }
}
