{
  "nodes": {
    "flake-parts": {
      "inputs": {
        "nixpkgs-lib": [
          "nixpkgs"
        ]
      },
      "locked": {
        "lastModified": 1778716662,
        "narHash": "sha256-m1Yf0wZ8j1OHjTc2UwHwyQRSnNeSgLJOd7q5Y45hzi4=",
        "owner": "hercules-ci",
        "repo": "flake-parts",
        "rev": "f7c1a2d347e4c52d5fb8d10cb4d94b5884e546fb",
        "type": "github"
      },
      "original": {
        "owner": "hercules-ci",
        "repo": "flake-parts",
        "type": "github"
      }
    },
    "nixpkgs-unstable": {
      "locked": {
        "lastModified": 1782467914,
        "narHash": "sha256-pGvFkM8N0xEkIIXDe5YYfbEAvHrk4IxBrjB/x8OomhE=",
        "owner": "nixos",
        "repo": "nixpkgs",
        "rev": "e73de5be04e0eff4190a1432b946d469c794e7b4",
        "type": "github"
      },
      "original": {
        "owner": "nixos",
        "ref": "nixos-unstable",
        "repo": "nixpkgs",
        "type": "github"
      }
    },
    "nur": {
      "inputs": {
        "flake-parts": [
          "flake-parts"
        ],
        "nixpkgs": [
          "nixpkgs"
        ]
      },
      "locked": {
        "lastModified": 1782619413,
        "narHash": "sha256-HYP89WbdIZM9KVCERtRcdQ/+wJEiE5U2R+8wJGKe448=",
        "owner": "nix-community",
        "repo": "NUR",
        "rev": "e643cb5a8158d0ef7bea62171a913dff72a7510f",
        "type": "github"
      },
      "original": {
        "owner": "nix-community",
        "repo": "NUR",
        "type": "github"
      }
    },
    "pkgs-by-name": {
      "locked": {
        "lastModified": 1769286518,
        "narHash": "sha256-F7VlUICvYp2wJKyQqM6d46BNEZCzMQ6dMH9zbmjuybc=",
        "owner": "drupol",
        "repo": "pkgs-by-name-for-flake-parts",
        "rev": "7ba1cd4a9a72c9c6c272018a63f090f2c912a171",
        "type": "github"
      },
      "original": {
        "owner": "drupol",
        "repo": "pkgs-by-name-for-flake-parts",
        "type": "github"
      }
    },
    "root": {
      "inputs": {
        "flake-parts": "flake-parts",
        "nixpkgs": [
          "nixpkgs-unstable"
        ],
        "nixpkgs-unstable": "nixpkgs-unstable",
        "nur": "nur",
        "pkgs-by-name": "pkgs-by-name",
        "treefmt-nix": "treefmt-nix"
      }
    },
    "treefmt-nix": {
      "inputs": {
        "nixpkgs": [
          "nixpkgs"
        ]
      },
      "locked": {
        "lastModified": 1780220602,
        "narHash": "sha256-eynAfOmbmxJnkp7YewvCEbShNnnYJ9gLLqkzsYtBPeM=",
        "owner": "numtide",
        "repo": "treefmt-nix",
        "rev": "db947814a175b7ca6ded66e21383d938df01c227",
        "type": "github"
      },
      "original": {
        "owner": "numtide",
        "repo": "treefmt-nix",
        "type": "github"
      }
    }
  },
  "root": "root",
  "version": 7
}
