{
  "nodes": {
    "clipse": {
      "flake": false,
      "locked": {
        "lastModified": 1774904078,
        "narHash": "sha256-I9SFOYPehUNtEHqTmZjAd5Uh1qGMSIpostSMjUEr1EY=",
        "owner": "savedra1",
        "repo": "clipse",
        "rev": "d29bba55f7bd81c2ad94361a821f80ad544392ed",
        "type": "github"
      },
      "original": {
        "owner": "savedra1",
        "repo": "clipse",
        "type": "github"
      }
    },
    "flake-parts": {
      "inputs": {
        "nixpkgs-lib": [
          "nixpkgs"
        ]
      },
      "locked": {
        "lastModified": 1778716662,
        "narHash": "sha256-m1Yf0wZ8j1OHjTc2UwHwyQRSnNeSgLJOd7q5Y45hzi4=",
        "owner": "hercules-ci",
        "repo": "flake-parts",
        "rev": "f7c1a2d347e4c52d5fb8d10cb4d94b5884e546fb",
        "type": "github"
      },
      "original": {
        "owner": "hercules-ci",
        "repo": "flake-parts",
        "type": "github"
      }
    },
    "nixpkgs-unstable": {
      "locked": {
        "lastModified": 1778869304,
        "narHash": "sha256-30sZNZoA1cqF5JNO9fVX+wgiQYjB7HJqqJ4ztCDeBZE=",
        "owner": "nixos",
        "repo": "nixpkgs",
        "rev": "d233902339c02a9c334e7e593de68855ad26c4cb",
        "type": "github"
      },
      "original": {
        "owner": "nixos",
        "ref": "nixos-unstable",
        "repo": "nixpkgs",
        "type": "github"
      }
    },
    "nur": {
      "inputs": {
        "flake-parts": [
          "flake-parts"
        ],
        "nixpkgs": [
          "nixpkgs"
        ]
      },
      "locked": {
        "lastModified": 1779443978,
        "narHash": "sha256-BvaDD3k+ALUv8rQ5Dhes69lxAssQgkYs+YjFLB4ZiGg=",
        "owner": "nix-community",
        "repo": "NUR",
        "rev": "d084e58ca2686f18104d6ad9817bb7ce1334ec29",
        "type": "github"
      },
      "original": {
        "owner": "nix-community",
        "repo": "NUR",
        "type": "github"
      }
    },
    "pipewire-soundpad": {
      "flake": false,
      "locked": {
        "lastModified": 1779399193,
        "narHash": "sha256-oZZnFBhIo+RFkFbQto7S01bK1DXNN2rZ/+UKR9Iw4Dg=",
        "owner": "arabianq",
        "repo": "pipewire-soundpad",
        "rev": "6ef3f8d76e30b3af86d7385a622be6a7f1ca65ed",
        "type": "github"
      },
      "original": {
        "owner": "arabianq",
        "repo": "pipewire-soundpad",
        "type": "github"
      }
    },
    "pkgs-by-name": {
      "locked": {
        "lastModified": 1769286518,
        "narHash": "sha256-F7VlUICvYp2wJKyQqM6d46BNEZCzMQ6dMH9zbmjuybc=",
        "owner": "drupol",
        "repo": "pkgs-by-name-for-flake-parts",
        "rev": "7ba1cd4a9a72c9c6c272018a63f090f2c912a171",
        "type": "github"
      },
      "original": {
        "owner": "drupol",
        "repo": "pkgs-by-name-for-flake-parts",
        "type": "github"
      }
    },
    "purple": {
      "flake": false,
      "locked": {
        "lastModified": 1779441568,
        "narHash": "sha256-Ss3ZuKOwffUuGx2DRSljlztBDnCruBtkjcNdwgPI/Dc=",
        "owner": "erickochen",
        "repo": "purple",
        "rev": "7ce403a786ad42c887507e7303b3d10b6aad303f",
        "type": "github"
      },
      "original": {
        "owner": "erickochen",
        "repo": "purple",
        "type": "github"
      }
    },
    "root": {
      "inputs": {
        "clipse": "clipse",
        "flake-parts": "flake-parts",
        "nixpkgs": [
          "nixpkgs-unstable"
        ],
        "nixpkgs-unstable": "nixpkgs-unstable",
        "nur": "nur",
        "pipewire-soundpad": "pipewire-soundpad",
        "pkgs-by-name": "pkgs-by-name",
        "purple": "purple",
        "soundcloud-desktop": "soundcloud-desktop",
        "treefmt-nix": "treefmt-nix"
      }
    },
    "soundcloud-desktop": {
      "flake": false,
      "locked": {
        "lastModified": 1779428977,
        "narHash": "sha256-VFU1iXigQ2/vWekJdy9dWAuiiHdjjKNrV0L9jKhL56c=",
        "owner": "zxcloli666",
        "repo": "SoundCloud-Desktop",
        "rev": "1977bf712592b116d915ba8c2388f97b1a9fa182",
        "type": "github"
      },
      "original": {
        "owner": "zxcloli666",
        "repo": "SoundCloud-Desktop",
        "type": "github"
      }
    },
    "treefmt-nix": {
      "inputs": {
        "nixpkgs": [
          "nixpkgs"
        ]
      },
      "locked": {
        "lastModified": 1775636079,
        "narHash": "sha256-pc20NRoMdiar8oPQceQT47UUZMBTiMdUuWrYu2obUP0=",
        "owner": "numtide",
        "repo": "treefmt-nix",
        "rev": "790751ff7fd3801feeaf96d7dc416a8d581265ba",
        "type": "github"
      },
      "original": {
        "owner": "numtide",
        "repo": "treefmt-nix",
        "type": "github"
      }
    }
  },
  "root": "root",
  "version": 7
}
