{
  "nodes": {
    "clipse": {
      "flake": false,
      "locked": {
        "lastModified": 1774904078,
        "narHash": "sha256-I9SFOYPehUNtEHqTmZjAd5Uh1qGMSIpostSMjUEr1EY=",
        "owner": "savedra1",
        "repo": "clipse",
        "rev": "d29bba55f7bd81c2ad94361a821f80ad544392ed",
        "type": "github"
      },
      "original": {
        "owner": "savedra1",
        "repo": "clipse",
        "type": "github"
      }
    },
    "flake-parts": {
      "inputs": {
        "nixpkgs-lib": [
          "nixpkgs"
        ]
      },
      "locked": {
        "lastModified": 1778716662,
        "narHash": "sha256-m1Yf0wZ8j1OHjTc2UwHwyQRSnNeSgLJOd7q5Y45hzi4=",
        "owner": "hercules-ci",
        "repo": "flake-parts",
        "rev": "f7c1a2d347e4c52d5fb8d10cb4d94b5884e546fb",
        "type": "github"
      },
      "original": {
        "owner": "hercules-ci",
        "repo": "flake-parts",
        "type": "github"
      }
    },
    "nixpkgs-unstable": {
      "locked": {
        "lastModified": 1779560665,
        "narHash": "sha256-tpyBcxPpcQb8ukyNF7DoCwfSY3VPsxHoYwj00Cayv5o=",
        "owner": "nixos",
        "repo": "nixpkgs",
        "rev": "64c08a7ca051951c8eae34e3e3cb1e202fe36786",
        "type": "github"
      },
      "original": {
        "owner": "nixos",
        "ref": "nixos-unstable",
        "repo": "nixpkgs",
        "type": "github"
      }
    },
    "nur": {
      "inputs": {
        "flake-parts": [
          "flake-parts"
        ],
        "nixpkgs": [
          "nixpkgs"
        ]
      },
      "locked": {
        "lastModified": 1780284827,
        "narHash": "sha256-qjDzZz7yigYeHh2L8RFphNaQ1+mAv3e7GlMsl/ee8dY=",
        "owner": "nix-community",
        "repo": "NUR",
        "rev": "167febf6501cff65de83e6315096d23b4e991b4a",
        "type": "github"
      },
      "original": {
        "owner": "nix-community",
        "repo": "NUR",
        "type": "github"
      }
    },
    "pipewire-soundpad": {
      "flake": false,
      "locked": {
        "lastModified": 1779919773,
        "narHash": "sha256-okIs17cLYBToshfaqCFAsXrsoLcE86g9mOPJ5EIJ248=",
        "owner": "arabianq",
        "repo": "pipewire-soundpad",
        "rev": "dac9d53cefc3a591f7b4e662f89514d77a7d7e95",
        "type": "github"
      },
      "original": {
        "owner": "arabianq",
        "repo": "pipewire-soundpad",
        "type": "github"
      }
    },
    "pkgs-by-name": {
      "locked": {
        "lastModified": 1769286518,
        "narHash": "sha256-F7VlUICvYp2wJKyQqM6d46BNEZCzMQ6dMH9zbmjuybc=",
        "owner": "drupol",
        "repo": "pkgs-by-name-for-flake-parts",
        "rev": "7ba1cd4a9a72c9c6c272018a63f090f2c912a171",
        "type": "github"
      },
      "original": {
        "owner": "drupol",
        "repo": "pkgs-by-name-for-flake-parts",
        "type": "github"
      }
    },
    "purple": {
      "flake": false,
      "locked": {
        "lastModified": 1780246906,
        "narHash": "sha256-ecc2pEGqnNskuFiYd3KUNxUOMpFapkCc15FHL2Zc2Y4=",
        "owner": "erickochen",
        "repo": "purple",
        "rev": "43494cd21ed879fdba447fc491b06880ee2e3d47",
        "type": "github"
      },
      "original": {
        "owner": "erickochen",
        "repo": "purple",
        "type": "github"
      }
    },
    "root": {
      "inputs": {
        "clipse": "clipse",
        "flake-parts": "flake-parts",
        "nixpkgs": [
          "nixpkgs-unstable"
        ],
        "nixpkgs-unstable": "nixpkgs-unstable",
        "nur": "nur",
        "pipewire-soundpad": "pipewire-soundpad",
        "pkgs-by-name": "pkgs-by-name",
        "purple": "purple",
        "soundcloud-desktop": "soundcloud-desktop",
        "treefmt-nix": "treefmt-nix"
      }
    },
    "soundcloud-desktop": {
      "flake": false,
      "locked": {
        "lastModified": 1780263242,
        "narHash": "sha256-GJzxi03MvRCenx4Tkidaj6yBFKeeTdeTTO4k+os0sdM=",
        "owner": "zxcloli666",
        "repo": "SoundCloud-Desktop",
        "rev": "5e2f5903c30244f9bc443ddc2dee2aae504a24d1",
        "type": "github"
      },
      "original": {
        "owner": "zxcloli666",
        "repo": "SoundCloud-Desktop",
        "type": "github"
      }
    },
    "treefmt-nix": {
      "inputs": {
        "nixpkgs": [
          "nixpkgs"
        ]
      },
      "locked": {
        "lastModified": 1780220602,
        "narHash": "sha256-eynAfOmbmxJnkp7YewvCEbShNnnYJ9gLLqkzsYtBPeM=",
        "owner": "numtide",
        "repo": "treefmt-nix",
        "rev": "db947814a175b7ca6ded66e21383d938df01c227",
        "type": "github"
      },
      "original": {
        "owner": "numtide",
        "repo": "treefmt-nix",
        "type": "github"
      }
    }
  },
  "root": "root",
  "version": 7
}
